
Microsoft Visual Studio Solution File, Format Version 12.00
# Visual Studio Version 17
VisualStudioVersion = 17.4.33213.308
MinimumVisualStudioVersion = 10.0.40219.1
Project("{FAE04EC0-301F-11D3-BF4B-00C04F79EFBC}") = "Lab3_BT", "Lab3_BT\Lab3_BT.csproj", "{B244EAA0-F8DE-4AC8-9D1E-57888FABD206}"
EndProject
Global
	GlobalSection(SolutionConfigurationPlatforms) = preSolution
		Debug|Any CPU = Debug|Any CPU
		Release|Any CPU = Release|Any CPU
	EndGlobalSection
	GlobalSection(ProjectConfigurationPlatforms) = postSolution
		{B244EAA0-F8DE-4AC8-9D1E-57888FABD206}.Debug|Any CPU.ActiveCfg = Debug|Any CPU
		{B244EAA0-F8DE-4AC8-9D1E-57888FABD206}.Debug|Any CPU.Build.0 = Debug|Any CPU
		{B244EAA0-F8DE-4AC8-9D1E-57888FABD206}.Release|Any CPU.ActiveCfg = Release|Any CPU
		{B244EAA0-F8DE-4AC8-9D1E-57888FABD206}.Release|Any CPU.Build.0 = Release|Any CPU
	EndGlobalSection
	GlobalSection(SolutionProperties) = preSolution
		HideSolutionNode = FALSE
	EndGlobalSection
	GlobalSection(ExtensibilityGlobals) = postSolution
		SolutionGuid = {3CB91484-9F26-48FF-B182-96D7A9A6EA94}
	EndGlobalSection
EndGlobal
