
Microsoft Visual Studio Solution File, Format Version 12.00
# Visual Studio Version 17
VisualStudioVersion = 17.4.33213.308
MinimumVisualStudioVersion = 10.0.40219.1
Project("{FAE04EC0-301F-11D3-BF4B-00C04F79EFBC}") = "Lab1_BT", "Lab1_BT\Lab1_BT.csproj", "{B57E705F-953E-4E6F-AC20-B5FAEE7A3D5F}"
EndProject
Global
	GlobalSection(SolutionConfigurationPlatforms) = preSolution
		Debug|Any CPU = Debug|Any CPU
		Release|Any CPU = Release|Any CPU
	EndGlobalSection
	GlobalSection(ProjectConfigurationPlatforms) = postSolution
		{B57E705F-953E-4E6F-AC20-B5FAEE7A3D5F}.Debug|Any CPU.ActiveCfg = Debug|Any CPU
		{B57E705F-953E-4E6F-AC20-B5FAEE7A3D5F}.Debug|Any CPU.Build.0 = Debug|Any CPU
		{B57E705F-953E-4E6F-AC20-B5FAEE7A3D5F}.Release|Any CPU.ActiveCfg = Release|Any CPU
		{B57E705F-953E-4E6F-AC20-B5FAEE7A3D5F}.Release|Any CPU.Build.0 = Release|Any CPU
	EndGlobalSection
	GlobalSection(SolutionProperties) = preSolution
		HideSolutionNode = FALSE
	EndGlobalSection
	GlobalSection(ExtensibilityGlobals) = postSolution
		SolutionGuid = {0E0A9851-7386-4EA9-BDE5-7683AB7B501C}
	EndGlobalSection
EndGlobal
