
Microsoft Visual Studio Solution File, Format Version 12.00
# Visual Studio Version 17
VisualStudioVersion = 17.4.33213.308
MinimumVisualStudioVersion = 10.0.40219.1
Project("{FAE04EC0-301F-11D3-BF4B-00C04F79EFBC}") = "Lab4_BT4", "Lab4_BT4\Lab4_BT4.csproj", "{0842F164-8A32-4BD2-9B91-1366D85FC8EE}"
EndProject
Global
	GlobalSection(SolutionConfigurationPlatforms) = preSolution
		Debug|Any CPU = Debug|Any CPU
		Release|Any CPU = Release|Any CPU
	EndGlobalSection
	GlobalSection(ProjectConfigurationPlatforms) = postSolution
		{0842F164-8A32-4BD2-9B91-1366D85FC8EE}.Debug|Any CPU.ActiveCfg = Debug|Any CPU
		{0842F164-8A32-4BD2-9B91-1366D85FC8EE}.Debug|Any CPU.Build.0 = Debug|Any CPU
		{0842F164-8A32-4BD2-9B91-1366D85FC8EE}.Release|Any CPU.ActiveCfg = Release|Any CPU
		{0842F164-8A32-4BD2-9B91-1366D85FC8EE}.Release|Any CPU.Build.0 = Release|Any CPU
	EndGlobalSection
	GlobalSection(SolutionProperties) = preSolution
		HideSolutionNode = FALSE
	EndGlobalSection
	GlobalSection(ExtensibilityGlobals) = postSolution
		SolutionGuid = {F9EC9DDD-9D51-494E-94E1-F4E4338E8ED2}
	EndGlobalSection
EndGlobal
